Microsoft Visual Studio Solution File, Format Version 12.00
# Visual Studio Version 17
VisualStudioVersion = 17.0.32126.317
MinimumVisualStudioVersion = 10.0.40219.1
Project("{9A19103F-16F7-4668-BE54-9A1E7A4F7556}") = "LatinDecoder", "LatinDecoder\LatinDecoder.csproj", "{D09FCAFF-7432-477A-A078-F20F81B0CEBE}"
EndProject
Project("{9A19103F-16F7-4668-BE54-9A1E7A4F7556}") = "LatinDecoderDAL", "LatinDecoderDAL\LatinDecoderDAL.csproj", "{99E695E3-C368-4DA2-80BC-9A45D0594DBF}"
EndProject
Project("{FAE04EC0-301F-11D3-BF4B-00C04F79EFBC}") = "LatinDecoderTest", "LatinDecoderTest\LatinDecoderTest.csproj", "{28F598F8-63B0-4006-B76E-43BAFB574FAC}"
EndProject
Global
	GlobalSection(SolutionConfigurationPlatforms) = preSolution
		Debug|Any CPU = Debug|Any CPU
		Release|Any CPU = Release|Any CPU
	EndGlobalSection
	GlobalSection(ProjectConfigurationPlatforms) = postSolution
		{D09FCAFF-7432-477A-A078-F20F81B0CEBE}.Debug|Any CPU.ActiveCfg = Debug|Any CPU
		{D09FCAFF-7432-477A-A078-F20F81B0CEBE}.Debug|Any CPU.Build.0 = Debug|Any CPU
		{D09FCAFF-7432-477A-A078-F20F81B0CEBE}.Release|Any CPU.ActiveCfg = Release|Any CPU
		{D09FCAFF-7432-477A-A078-F20F81B0CEBE}.Release|Any CPU.Build.0 = Release|Any CPU
		{99E695E3-C368-4DA2-80BC-9A45D0594DBF}.Debug|Any CPU.ActiveCfg = Debug|Any CPU
		{99E695E3-C368-4DA2-80BC-9A45D0594DBF}.Debug|Any CPU.Build.0 = Debug|Any CPU
		{99E695E3-C368-4DA2-80BC-9A45D0594DBF}.Release|Any CPU.ActiveCfg = Release|Any CPU
		{99E695E3-C368-4DA2-80BC-9A45D0594DBF}.Release|Any CPU.Build.0 = Release|Any CPU
		{28F598F8-63B0-4006-B76E-43BAFB574FAC}.Debug|Any CPU.ActiveCfg = Debug|Any CPU
		{28F598F8-63B0-4006-B76E-43BAFB574FAC}.Debug|Any CPU.Build.0 = Debug|Any CPU
		{28F598F8-63B0-4006-B76E-43BAFB574FAC}.Release|Any CPU.ActiveCfg = Release|Any CPU
		{28F598F8-63B0-4006-B76E-43BAFB574FAC}.Release|Any CPU.Build.0 = Release|Any CPU
	EndGlobalSection
	GlobalSection(SolutionProperties) = preSolution
		HideSolutionNode = FALSE
	EndGlobalSection
	GlobalSection(ExtensibilityGlobals) = postSolution
		SolutionGuid = {DEFD3ECA-7A49-4A8D-862F-178B352ADF36}
	EndGlobalSection
EndGlobal
